
Microsoft Visual Studio Solution File, Format Version 12.00
# Visual Studio Version 16
VisualStudioVersion = 25.0.1703.8
MinimumVisualStudioVersion = 10.0.40219.1
Project("{FAE04EC0-301F-11D3-BF4B-00C04F79EFBC}") = "CPSC481_Prototype", "CPSC481_Prototype.csproj", "{3DA7040B-C036-4B14-A448-17834B0BC3DD}"
EndProject
Global
	GlobalSection(SolutionConfigurationPlatforms) = preSolution
		Debug|Any CPU = Debug|Any CPU
		Release|Any CPU = Release|Any CPU
	EndGlobalSection
	GlobalSection(ProjectConfigurationPlatforms) = postSolution
		{3DA7040B-C036-4B14-A448-17834B0BC3DD}.Debug|Any CPU.ActiveCfg = Debug|Any CPU
		{3DA7040B-C036-4B14-A448-17834B0BC3DD}.Debug|Any CPU.Build.0 = Debug|Any CPU
		{3DA7040B-C036-4B14-A448-17834B0BC3DD}.Release|Any CPU.ActiveCfg = Release|Any CPU
		{3DA7040B-C036-4B14-A448-17834B0BC3DD}.Release|Any CPU.Build.0 = Release|Any CPU
	EndGlobalSection
	GlobalSection(SolutionProperties) = preSolution
		HideSolutionNode = FALSE
	EndGlobalSection
	GlobalSection(ExtensibilityGlobals) = postSolution
		SolutionGuid = {AEF4BF81-2D15-40E9-B64A-7F001D6FB668}
	EndGlobalSection
EndGlobal
